
Microsoft Visual Studio Solution File, Format Version 11.00
# Visual Studio 2010
Project("{FAE04EC0-301F-11D3-BF4B-00C04F79EFBC}") = "Linq-Exercise", "Linq-Exercise.csproj", "{EA7B76F3-8A15-4440-9434-A71C7EA21124}"
EndProject
Global
	GlobalSection(SolutionConfigurationPlatforms) = preSolution
		Debug|x86 = Debug|x86
		Release|x86 = Release|x86
	EndGlobalSection
	GlobalSection(ProjectConfigurationPlatforms) = postSolution
		{EA7B76F3-8A15-4440-9434-A71C7EA21124}.Debug|x86.ActiveCfg = Debug|x86
		{EA7B76F3-8A15-4440-9434-A71C7EA21124}.Debug|x86.Build.0 = Debug|x86
		{EA7B76F3-8A15-4440-9434-A71C7EA21124}.Release|x86.ActiveCfg = Release|x86
		{EA7B76F3-8A15-4440-9434-A71C7EA21124}.Release|x86.Build.0 = Release|x86
	EndGlobalSection
	GlobalSection(SolutionProperties) = preSolution
		HideSolutionNode = FALSE
	EndGlobalSection
EndGlobal
